
Microsoft Visual Studio Solution File, Format Version 12.00
# Visual Studio Version 17
VisualStudioVersion = 17.13.35913.81 d17.13
MinimumVisualStudioVersion = 10.0.40219.1
Project("{FAE04EC0-301F-11D3-BF4B-00C04F79EFBC}") = "WebApplication1", "WebApplication1\WebApplication1.csproj", "{D12F9CC4-0EF7-4B21-AEA5-89CFF34475F5}"
EndProject
Global
	GlobalSection(SolutionConfigurationPlatforms) = preSolution
		Debug|Any CPU = Debug|Any CPU
		Release|Any CPU = Release|Any CPU
	EndGlobalSection
	GlobalSection(ProjectConfigurationPlatforms) = postSolution
		{D12F9CC4-0EF7-4B21-AEA5-89CFF34475F5}.Debug|Any CPU.ActiveCfg = Debug|Any CPU
		{D12F9CC4-0EF7-4B21-AEA5-89CFF34475F5}.Debug|Any CPU.Build.0 = Debug|Any CPU
		{D12F9CC4-0EF7-4B21-AEA5-89CFF34475F5}.Release|Any CPU.ActiveCfg = Release|Any CPU
		{D12F9CC4-0EF7-4B21-AEA5-89CFF34475F5}.Release|Any CPU.Build.0 = Release|Any CPU
	EndGlobalSection
	GlobalSection(SolutionProperties) = preSolution
		HideSolutionNode = FALSE
	EndGlobalSection
	GlobalSection(ExtensibilityGlobals) = postSolution
		SolutionGuid = {8DF14C3B-3C84-4A62-931A-327E193C903B}
	EndGlobalSection
EndGlobal
